
Microsoft Visual Studio Solution File, Format Version 12.00
# Visual Studio Version 17
VisualStudioVersion = 17.8.34330.188
MinimumVisualStudioVersion = 10.0.40219.1
Project("{FAE04EC0-301F-11D3-BF4B-00C04F79EFBC}") = "Slutprojektet", "Slutprojektet\Slutprojektet.csproj", "{460CBD02-1914-4E1A-A09B-0EF29595CEE7}"
EndProject
Global
	GlobalSection(SolutionConfigurationPlatforms) = preSolution
		Debug|Any CPU = Debug|Any CPU
		Release|Any CPU = Release|Any CPU
	EndGlobalSection
	GlobalSection(ProjectConfigurationPlatforms) = postSolution
		{460CBD02-1914-4E1A-A09B-0EF29595CEE7}.Debug|Any CPU.ActiveCfg = Debug|Any CPU
		{460CBD02-1914-4E1A-A09B-0EF29595CEE7}.Debug|Any CPU.Build.0 = Debug|Any CPU
		{460CBD02-1914-4E1A-A09B-0EF29595CEE7}.Release|Any CPU.ActiveCfg = Release|Any CPU
		{460CBD02-1914-4E1A-A09B-0EF29595CEE7}.Release|Any CPU.Build.0 = Release|Any CPU
	EndGlobalSection
	GlobalSection(SolutionProperties) = preSolution
		HideSolutionNode = FALSE
	EndGlobalSection
	GlobalSection(ExtensibilityGlobals) = postSolution
		SolutionGuid = {812DFDC4-FB13-404C-A822-61C45775E294}
	EndGlobalSection
EndGlobal
